
Microsoft Visual Studio Solution File, Format Version 12.00
# Visual Studio Version 17
VisualStudioVersion = 17.14.36202.13 d17.14
MinimumVisualStudioVersion = 10.0.40219.1
Project("{FAE04EC0-301F-11D3-BF4B-00C04F79EFBC}") = "AlgebraicAlgorithms", "AlgebraicAlgorithms\AlgebraicAlgorithms.csproj", "{334AE456-72E0-4C48-A975-391AD2FA46E3}"
EndProject
Global
	GlobalSection(SolutionConfigurationPlatforms) = preSolution
		Debug|Any CPU = Debug|Any CPU
		Release|Any CPU = Release|Any CPU
	EndGlobalSection
	GlobalSection(ProjectConfigurationPlatforms) = postSolution
		{334AE456-72E0-4C48-A975-391AD2FA46E3}.Debug|Any CPU.ActiveCfg = Debug|Any CPU
		{334AE456-72E0-4C48-A975-391AD2FA46E3}.Debug|Any CPU.Build.0 = Debug|Any CPU
		{334AE456-72E0-4C48-A975-391AD2FA46E3}.Release|Any CPU.ActiveCfg = Release|Any CPU
		{334AE456-72E0-4C48-A975-391AD2FA46E3}.Release|Any CPU.Build.0 = Release|Any CPU
	EndGlobalSection
	GlobalSection(SolutionProperties) = preSolution
		HideSolutionNode = FALSE
	EndGlobalSection
	GlobalSection(ExtensibilityGlobals) = postSolution
		SolutionGuid = {2448F17C-52F2-437E-A1A2-394321870019}
	EndGlobalSection
EndGlobal
